
Microsoft Visual Studio Solution File, Format Version 12.00
# Visual Studio Version 17
VisualStudioVersion = 17.14.36127.28
MinimumVisualStudioVersion = 10.0.40219.1
Project("{FAE04EC0-301F-11D3-BF4B-00C04F79EFBC}") = "Model", "Model\Model.csproj", "{FD9DC9CA-8086-4626-A72A-DF3756B06EBE}"
EndProject
Project("{FAE04EC0-301F-11D3-BF4B-00C04F79EFBC}") = "ViewModel", "ViewModel\ViewModel.csproj", "{ACB001BA-AFE2-4983-B7E3-0886E355CBDC}"
EndProject
Project("{FAE04EC0-301F-11D3-BF4B-00C04F79EFBC}") = "Course4UWpf", "Course4UWpf\Course4UWpf.csproj", "{F59B62AF-28E2-4371-A9B5-FE71AAB219F5}"
EndProject
Global
	GlobalSection(SolutionConfigurationPlatforms) = preSolution
		Debug|Any CPU = Debug|Any CPU
		Release|Any CPU = Release|Any CPU
	EndGlobalSection
	GlobalSection(ProjectConfigurationPlatforms) = postSolution
		{FD9DC9CA-8086-4626-A72A-DF3756B06EBE}.Debug|Any CPU.ActiveCfg = Debug|Any CPU
		{FD9DC9CA-8086-4626-A72A-DF3756B06EBE}.Debug|Any CPU.Build.0 = Debug|Any CPU
		{FD9DC9CA-8086-4626-A72A-DF3756B06EBE}.Release|Any CPU.ActiveCfg = Release|Any CPU
		{FD9DC9CA-8086-4626-A72A-DF3756B06EBE}.Release|Any CPU.Build.0 = Release|Any CPU
		{ACB001BA-AFE2-4983-B7E3-0886E355CBDC}.Debug|Any CPU.ActiveCfg = Debug|Any CPU
		{ACB001BA-AFE2-4983-B7E3-0886E355CBDC}.Debug|Any CPU.Build.0 = Debug|Any CPU
		{ACB001BA-AFE2-4983-B7E3-0886E355CBDC}.Release|Any CPU.ActiveCfg = Release|Any CPU
		{ACB001BA-AFE2-4983-B7E3-0886E355CBDC}.Release|Any CPU.Build.0 = Release|Any CPU
		{F59B62AF-28E2-4371-A9B5-FE71AAB219F5}.Debug|Any CPU.ActiveCfg = Debug|Any CPU
		{F59B62AF-28E2-4371-A9B5-FE71AAB219F5}.Debug|Any CPU.Build.0 = Debug|Any CPU
		{F59B62AF-28E2-4371-A9B5-FE71AAB219F5}.Release|Any CPU.ActiveCfg = Release|Any CPU
		{F59B62AF-28E2-4371-A9B5-FE71AAB219F5}.Release|Any CPU.Build.0 = Release|Any CPU
	EndGlobalSection
	GlobalSection(SolutionProperties) = preSolution
		HideSolutionNode = FALSE
	EndGlobalSection
	GlobalSection(ExtensibilityGlobals) = postSolution
		SolutionGuid = {F626DC0B-C375-45A4-91C5-A301D7E5411F}
	EndGlobalSection
EndGlobal
